
Microsoft Visual Studio Solution File, Format Version 12.00
# Visual Studio Version 16
VisualStudioVersion = 16.0.810.20
MinimumVisualStudioVersion = 10.0.40219.1
Project("{FAE04EC0-301F-11D3-BF4B-00C04F79EFBC}") = "Nhom7_1981223_20880263_DA1", "Nhom7_1981223_20880263_DA1\Nhom7_1981223_20880263_DA1.csproj", "{D7255021-6E91-421B-8571-EC30DF5DA79C}"
EndProject
Project("{FAE04EC0-301F-11D3-BF4B-00C04F79EFBC}") = "Nhom7_1981223_20880263_DA1.Services", "Nhom7_1981223_20880263_DA1.Services\Nhom7_1981223_20880263_DA1.Services.csproj", "{1AC5E835-420E-4114-ACDA-DE7DA1813B66}"
EndProject
Project("{FAE04EC0-301F-11D3-BF4B-00C04F79EFBC}") = "Nhom7_1981223_20880263_DA1.Models", "Nhom7_1981223_20880263_DA1.Models\Nhom7_1981223_20880263_DA1.Models.csproj", "{A1864B02-B33C-465F-8559-10D302A68716}"
EndProject
Project("{FAE04EC0-301F-11D3-BF4B-00C04F79EFBC}") = "Nhom7_1981223_20880263_DA1.Interfaces", "Nhom7_1981223_20880263_DA1.Interfaces\Nhom7_1981223_20880263_DA1.Interfaces.csproj", "{CF6BF095-6764-4BB0-B94F-28604D065DB2}"
EndProject
Global
	GlobalSection(SolutionConfigurationPlatforms) = preSolution
		Debug|Any CPU = Debug|Any CPU
		Release|Any CPU = Release|Any CPU
	EndGlobalSection
	GlobalSection(ProjectConfigurationPlatforms) = postSolution
		{D7255021-6E91-421B-8571-EC30DF5DA79C}.Debug|Any CPU.ActiveCfg = Debug|Any CPU
		{D7255021-6E91-421B-8571-EC30DF5DA79C}.Debug|Any CPU.Build.0 = Debug|Any CPU
		{D7255021-6E91-421B-8571-EC30DF5DA79C}.Release|Any CPU.ActiveCfg = Release|Any CPU
		{D7255021-6E91-421B-8571-EC30DF5DA79C}.Release|Any CPU.Build.0 = Release|Any CPU
		{1AC5E835-420E-4114-ACDA-DE7DA1813B66}.Debug|Any CPU.ActiveCfg = Debug|Any CPU
		{1AC5E835-420E-4114-ACDA-DE7DA1813B66}.Debug|Any CPU.Build.0 = Debug|Any CPU
		{1AC5E835-420E-4114-ACDA-DE7DA1813B66}.Release|Any CPU.ActiveCfg = Release|Any CPU
		{1AC5E835-420E-4114-ACDA-DE7DA1813B66}.Release|Any CPU.Build.0 = Release|Any CPU
		{A1864B02-B33C-465F-8559-10D302A68716}.Debug|Any CPU.ActiveCfg = Debug|Any CPU
		{A1864B02-B33C-465F-8559-10D302A68716}.Debug|Any CPU.Build.0 = Debug|Any CPU
		{A1864B02-B33C-465F-8559-10D302A68716}.Release|Any CPU.ActiveCfg = Release|Any CPU
		{A1864B02-B33C-465F-8559-10D302A68716}.Release|Any CPU.Build.0 = Release|Any CPU
		{CF6BF095-6764-4BB0-B94F-28604D065DB2}.Debug|Any CPU.ActiveCfg = Debug|Any CPU
		{CF6BF095-6764-4BB0-B94F-28604D065DB2}.Debug|Any CPU.Build.0 = Debug|Any CPU
		{CF6BF095-6764-4BB0-B94F-28604D065DB2}.Release|Any CPU.ActiveCfg = Release|Any CPU
		{CF6BF095-6764-4BB0-B94F-28604D065DB2}.Release|Any CPU.Build.0 = Release|Any CPU
	EndGlobalSection
	GlobalSection(SolutionProperties) = preSolution
		HideSolutionNode = FALSE
	EndGlobalSection
	GlobalSection(ExtensibilityGlobals) = postSolution
		SolutionGuid = {B5CC9F96-B439-4BF8-9E0F-28B0BD17AC76}
	EndGlobalSection
EndGlobal
